
Microsoft Visual Studio Solution File, Format Version 12.00
# Visual Studio 15
VisualStudioVersion = 15.0.26430.6
MinimumVisualStudioVersion = 10.0.40219.1
Project("{2150E333-8FDC-42A3-9474-1A3956D46DE8}") = "Implementations", "Implementations", "{E88E43DB-3AEE-4AB5-9DBF-9E9B6D49F60F}"
EndProject
Project("{2150E333-8FDC-42A3-9474-1A3956D46DE8}") = "CSharp", "CSharp", "{3512A9F5-DB35-4A42-8FB0-C072201A8BC8}"
EndProject
Project("{2150E333-8FDC-42A3-9474-1A3956D46DE8}") = "FSharp", "FSharp", "{54D2B00A-D018-491D-83F7-CFEE803EBD64}"
EndProject
Project("{2150E333-8FDC-42A3-9474-1A3956D46DE8}") = "Test", "Test", "{12D787D4-A4FA-4DA3-BC61-356C1543F76A}"
EndProject
Project("{FAE04EC0-301F-11D3-BF4B-00C04F79EFBC}") = "Web", "Web\Web.csproj", "{741E35CC-BD94-4F2C-ABAC-4F1ED3C3605C}"
EndProject
Project("{9A19103F-16F7-4668-BE54-9A1E7A4F7556}") = "Game", "Game\Game.csproj", "{FD88D68A-1F5A-4AB2-BF1B-8F07FABD7CDA}"
EndProject
Project("{FAE04EC0-301F-11D3-BF4B-00C04F79EFBC}") = "GameImpl", "Implementations\CSharp\GameImpl\GameImpl.csproj", "{991877B5-CCB0-4F28-B043-707E86218828}"
EndProject
Project("{A07B5EB6-E848-4116-A8D0-A826331D98C6}") = "Services", "Services\Services.sfproj", "{E5A8B323-EA62-4378-9574-ACF0AAADBF1D}"
EndProject
Project("{FAE04EC0-301F-11D3-BF4B-00C04F79EFBC}") = "MazeService", "MazeService\MazeService.csproj", "{63A557E7-49EC-40D8-AA5C-939958BAA486}"
EndProject
Project("{FAE04EC0-301F-11D3-BF4B-00C04F79EFBC}") = "Test", "Test\Test\Test.csproj", "{2D7EF688-AF8E-4CEC-8DD0-FBD0E48D2CA3}"
EndProject
Global
	GlobalSection(SolutionConfigurationPlatforms) = preSolution
		Debug|Any CPU = Debug|Any CPU
		Debug|x64 = Debug|x64
		Release|Any CPU = Release|Any CPU
		Release|x64 = Release|x64
	EndGlobalSection
	GlobalSection(ProjectConfigurationPlatforms) = postSolution
		{741E35CC-BD94-4F2C-ABAC-4F1ED3C3605C}.Debug|Any CPU.ActiveCfg = Debug|Any CPU
		{741E35CC-BD94-4F2C-ABAC-4F1ED3C3605C}.Debug|Any CPU.Build.0 = Debug|Any CPU
		{741E35CC-BD94-4F2C-ABAC-4F1ED3C3605C}.Debug|x64.ActiveCfg = Debug|Any CPU
		{741E35CC-BD94-4F2C-ABAC-4F1ED3C3605C}.Debug|x64.Build.0 = Debug|Any CPU
		{741E35CC-BD94-4F2C-ABAC-4F1ED3C3605C}.Release|Any CPU.ActiveCfg = Release|Any CPU
		{741E35CC-BD94-4F2C-ABAC-4F1ED3C3605C}.Release|Any CPU.Build.0 = Release|Any CPU
		{741E35CC-BD94-4F2C-ABAC-4F1ED3C3605C}.Release|x64.ActiveCfg = Release|Any CPU
		{741E35CC-BD94-4F2C-ABAC-4F1ED3C3605C}.Release|x64.Build.0 = Release|Any CPU
		{FD88D68A-1F5A-4AB2-BF1B-8F07FABD7CDA}.Debug|Any CPU.ActiveCfg = Debug|Any CPU
		{FD88D68A-1F5A-4AB2-BF1B-8F07FABD7CDA}.Debug|Any CPU.Build.0 = Debug|Any CPU
		{FD88D68A-1F5A-4AB2-BF1B-8F07FABD7CDA}.Debug|x64.ActiveCfg = Debug|Any CPU
		{FD88D68A-1F5A-4AB2-BF1B-8F07FABD7CDA}.Debug|x64.Build.0 = Debug|Any CPU
		{FD88D68A-1F5A-4AB2-BF1B-8F07FABD7CDA}.Release|Any CPU.ActiveCfg = Release|Any CPU
		{FD88D68A-1F5A-4AB2-BF1B-8F07FABD7CDA}.Release|Any CPU.Build.0 = Release|Any CPU
		{FD88D68A-1F5A-4AB2-BF1B-8F07FABD7CDA}.Release|x64.ActiveCfg = Release|Any CPU
		{FD88D68A-1F5A-4AB2-BF1B-8F07FABD7CDA}.Release|x64.Build.0 = Release|Any CPU
		{991877B5-CCB0-4F28-B043-707E86218828}.Debug|Any CPU.ActiveCfg = Debug|Any CPU
		{991877B5-CCB0-4F28-B043-707E86218828}.Debug|Any CPU.Build.0 = Debug|Any CPU
		{991877B5-CCB0-4F28-B043-707E86218828}.Debug|x64.ActiveCfg = Debug|Any CPU
		{991877B5-CCB0-4F28-B043-707E86218828}.Debug|x64.Build.0 = Debug|Any CPU
		{991877B5-CCB0-4F28-B043-707E86218828}.Release|Any CPU.ActiveCfg = Release|Any CPU
		{991877B5-CCB0-4F28-B043-707E86218828}.Release|Any CPU.Build.0 = Release|Any CPU
		{991877B5-CCB0-4F28-B043-707E86218828}.Release|x64.ActiveCfg = Release|Any CPU
		{991877B5-CCB0-4F28-B043-707E86218828}.Release|x64.Build.0 = Release|Any CPU
		{E5A8B323-EA62-4378-9574-ACF0AAADBF1D}.Debug|Any CPU.ActiveCfg = Debug|x64
		{E5A8B323-EA62-4378-9574-ACF0AAADBF1D}.Debug|x64.ActiveCfg = Debug|x64
		{E5A8B323-EA62-4378-9574-ACF0AAADBF1D}.Debug|x64.Build.0 = Debug|x64
		{E5A8B323-EA62-4378-9574-ACF0AAADBF1D}.Debug|x64.Deploy.0 = Debug|x64
		{E5A8B323-EA62-4378-9574-ACF0AAADBF1D}.Release|Any CPU.ActiveCfg = Release|x64
		{E5A8B323-EA62-4378-9574-ACF0AAADBF1D}.Release|x64.ActiveCfg = Release|x64
		{E5A8B323-EA62-4378-9574-ACF0AAADBF1D}.Release|x64.Build.0 = Release|x64
		{E5A8B323-EA62-4378-9574-ACF0AAADBF1D}.Release|x64.Deploy.0 = Release|x64
		{63A557E7-49EC-40D8-AA5C-939958BAA486}.Debug|Any CPU.ActiveCfg = Debug|Any CPU
		{63A557E7-49EC-40D8-AA5C-939958BAA486}.Debug|Any CPU.Build.0 = Debug|Any CPU
		{63A557E7-49EC-40D8-AA5C-939958BAA486}.Debug|x64.ActiveCfg = Debug|Any CPU
		{63A557E7-49EC-40D8-AA5C-939958BAA486}.Debug|x64.Build.0 = Debug|Any CPU
		{63A557E7-49EC-40D8-AA5C-939958BAA486}.Release|Any CPU.ActiveCfg = Release|Any CPU
		{63A557E7-49EC-40D8-AA5C-939958BAA486}.Release|Any CPU.Build.0 = Release|Any CPU
		{63A557E7-49EC-40D8-AA5C-939958BAA486}.Release|x64.ActiveCfg = Release|Any CPU
		{63A557E7-49EC-40D8-AA5C-939958BAA486}.Release|x64.Build.0 = Release|Any CPU
		{2D7EF688-AF8E-4CEC-8DD0-FBD0E48D2CA3}.Debug|Any CPU.ActiveCfg = Debug|Any CPU
		{2D7EF688-AF8E-4CEC-8DD0-FBD0E48D2CA3}.Debug|Any CPU.Build.0 = Debug|Any CPU
		{2D7EF688-AF8E-4CEC-8DD0-FBD0E48D2CA3}.Debug|x64.ActiveCfg = Debug|Any CPU
		{2D7EF688-AF8E-4CEC-8DD0-FBD0E48D2CA3}.Debug|x64.Build.0 = Debug|Any CPU
		{2D7EF688-AF8E-4CEC-8DD0-FBD0E48D2CA3}.Release|Any CPU.ActiveCfg = Release|Any CPU
		{2D7EF688-AF8E-4CEC-8DD0-FBD0E48D2CA3}.Release|Any CPU.Build.0 = Release|Any CPU
		{2D7EF688-AF8E-4CEC-8DD0-FBD0E48D2CA3}.Release|x64.ActiveCfg = Release|Any CPU
		{2D7EF688-AF8E-4CEC-8DD0-FBD0E48D2CA3}.Release|x64.Build.0 = Release|Any CPU
	EndGlobalSection
	GlobalSection(SolutionProperties) = preSolution
		HideSolutionNode = FALSE
	EndGlobalSection
	GlobalSection(NestedProjects) = preSolution
		{3512A9F5-DB35-4A42-8FB0-C072201A8BC8} = {E88E43DB-3AEE-4AB5-9DBF-9E9B6D49F60F}
		{54D2B00A-D018-491D-83F7-CFEE803EBD64} = {E88E43DB-3AEE-4AB5-9DBF-9E9B6D49F60F}
		{991877B5-CCB0-4F28-B043-707E86218828} = {3512A9F5-DB35-4A42-8FB0-C072201A8BC8}
		{2D7EF688-AF8E-4CEC-8DD0-FBD0E48D2CA3} = {12D787D4-A4FA-4DA3-BC61-356C1543F76A}
	EndGlobalSection
EndGlobal
